{
  "name": "rule-engine",
  "version": "1.0.0",
  "lockfileVersion": 2,
  "requires": true,
  "packages": {
    "": {
      "version": "1.0.0",
      "license": "ISC",
      "dependencies": {
        "json-rules-engine": "^6.0.1"
      },
      "devDependencies": {
        "ts-node": "^9.1.1"
      }
    },
    "node_modules/arg": {
      "version": "4.1.3",
      "resolved": "https://pkgs.dev.azure.com/EVANAAG/_packaging/EVANAAG/npm/registry/arg/-/arg-4.1.3.tgz",
      "integrity": "sha1-Jp/HrVuOQstjyJbVZmAXJhwUQIk=",
      "dev": true,
      "license": "MIT"
    },
    "node_modules/buffer-from": {
      "version": "1.1.1",
      "resolved": "https://pkgs.dev.azure.com/EVANAAG/_packaging/EVANAAG/npm/registry/buffer-from/-/buffer-from-1.1.1.tgz",
      "integrity": "sha1-MnE7wCj3XAL9txDXx7zsHyxgcO8=",
      "dev": true,
      "license": "MIT"
    },
    "node_modules/clone": {
      "version": "2.1.2",
      "resolved": "https://registry.npmjs.org/clone/-/clone-2.1.2.tgz",
      "integrity": "sha1-G39Ln1kfHo+DZwQBYANFoCiHQ18=",
      "engines": {
        "node": ">=0.8"
      }
    },
    "node_modules/create-require": {
      "version": "1.1.1",
      "resolved": "https://pkgs.dev.azure.com/EVANAAG/_packaging/EVANAAG/npm/registry/create-require/-/create-require-1.1.1.tgz",
      "integrity": "sha1-wdfo8eX2z8n/ZfnNNS03NIdWwzM=",
      "dev": true,
      "license": "MIT"
    },
    "node_modules/curriable": {
      "version": "1.3.0",
      "resolved": "https://registry.npmjs.org/curriable/-/curriable-1.3.0.tgz",
      "integrity": "sha512-7kfjDPRSF+pguU0TlfSFBMCd8XlmF29ZAiXcq/zaN4LhZvWdvV0Y72AvaWFqInXZG9Yg1kA1UMkpE9lFBKMpQA=="
    },
    "node_modules/diff": {
      "version": "4.0.2",
      "resolved": "https://pkgs.dev.azure.com/EVANAAG/_packaging/EVANAAG/npm/registry/diff/-/diff-4.0.2.tgz",
      "integrity": "sha1-YPOuy4nV+uUgwRqhnvwruYKq3n0=",
      "dev": true,
      "license": "BSD-3-Clause",
      "engines": {
        "node": ">=0.3.1"
      }
    },
    "node_modules/eventemitter2": {
      "version": "6.4.4",
      "resolved": "https://registry.npmjs.org/eventemitter2/-/eventemitter2-6.4.4.tgz",
      "integrity": "sha512-HLU3NDY6wARrLCEwyGKRBvuWYyvW6mHYv72SJJAH3iJN3a6eVUvkjFkcxah1bcTgGVBBrFdIopBJPhCQFMLyXw=="
    },
    "node_modules/hash-it": {
      "version": "4.1.0",
      "resolved": "https://registry.npmjs.org/hash-it/-/hash-it-4.1.0.tgz",
      "integrity": "sha512-YUXBmvWycqr0qVb7RhNyJ2ItiPNaD5iKZ9moDaxduyfT8I9d79F9Zf8Ts2RAG7g6NPwD8351dSqxsD07tznSmQ==",
      "dependencies": {
        "curriable": "^1.1.0"
      }
    },
    "node_modules/json-rules-engine": {
      "version": "6.0.1",
      "resolved": "https://registry.npmjs.org/json-rules-engine/-/json-rules-engine-6.0.1.tgz",
      "integrity": "sha512-G74l2HehJ+ItMcFOzeV26w9MGxRux6+ovifXJ93Q1PnEqJV5APRt7kwI24vu7D4qx+iuW/CVmGgTHeH4gMU4nQ==",
      "dependencies": {
        "clone": "^2.1.2",
        "eventemitter2": "^6.4.3",
        "hash-it": "^4.0.5",
        "jsonpath-plus": "^4.0.0",
        "lodash.isobjectlike": "^4.0.0"
      }
    },
    "node_modules/jsonpath-plus": {
      "version": "4.0.0",
      "resolved": "https://registry.npmjs.org/jsonpath-plus/-/jsonpath-plus-4.0.0.tgz",
      "integrity": "sha512-e0Jtg4KAzDJKKwzbLaUtinCn0RZseWBVRTRGihSpvFlM3wTR7ExSp+PTdeTsDrLNJUe7L7JYJe8mblHX5SCT6A==",
      "engines": {
        "node": ">=10.0"
      }
    },
    "node_modules/lodash.isobjectlike": {
      "version": "4.0.0",
      "resolved": "https://registry.npmjs.org/lodash.isobjectlike/-/lodash.isobjectlike-4.0.0.tgz",
      "integrity": "sha1-dCxfxlrdJ5JNPSQZFoGqmheytg0="
    },
    "node_modules/make-error": {
      "version": "1.3.6",
      "resolved": "https://pkgs.dev.azure.com/EVANAAG/_packaging/EVANAAG/npm/registry/make-error/-/make-error-1.3.6.tgz",
      "integrity": "sha1-LrLjfqm2fEiR9oShOUeZr0hM96I=",
      "dev": true,
      "license": "ISC"
    },
    "node_modules/source-map": {
      "version": "0.6.1",
      "resolved": "https://pkgs.dev.azure.com/EVANAAG/_packaging/EVANAAG/npm/registry/source-map/-/source-map-0.6.1.tgz",
      "integrity": "sha1-dHIq8y6WFOnCh6jQu95IteLxomM=",
      "dev": true,
      "license": "BSD-3-Clause",
      "engines": {
        "node": ">=0.10.0"
      }
    },
    "node_modules/source-map-support": {
      "version": "0.5.19",
      "resolved": "https://pkgs.dev.azure.com/EVANAAG/_packaging/EVANAAG/npm/registry/source-map-support/-/source-map-support-0.5.19.tgz",
      "integrity": "sha1-qYti+G3K9PZzmWSMCFKRq56P7WE=",
      "dev": true,
      "license": "MIT",
      "dependencies": {
        "buffer-from": "^1.0.0",
        "source-map": "^0.6.0"
      }
    },
    "node_modules/ts-node": {
      "version": "9.1.1",
      "resolved": "https://pkgs.dev.azure.com/EVANAAG/_packaging/EVANAAG/npm/registry/ts-node/-/ts-node-9.1.1.tgz",
      "integrity": "sha1-UamkUKPpWUAb2l8ASnLVS5NtN20=",
      "dev": true,
      "license": "MIT",
      "dependencies": {
        "arg": "^4.1.0",
        "create-require": "^1.1.0",
        "diff": "^4.0.1",
        "make-error": "^1.1.1",
        "source-map-support": "^0.5.17",
        "yn": "3.1.1"
      },
      "bin": {
        "ts-node": "dist/bin.js",
        "ts-node-script": "dist/bin-script.js",
        "ts-node-transpile-only": "dist/bin-transpile.js",
        "ts-script": "dist/bin-script-deprecated.js"
      },
      "engines": {
        "node": ">=10.0.0"
      },
      "peerDependencies": {
        "typescript": ">=2.7"
      }
    },
    "node_modules/typescript": {
      "version": "4.2.4",
      "resolved": "https://pkgs.dev.azure.com/EVANAAG/_packaging/EVANAAG/npm/registry/typescript/-/typescript-4.2.4.tgz",
      "integrity": "sha1-hhC1l0feAo/aiYqK7w4QPxVtCWE=",
      "dev": true,
      "license": "Apache-2.0",
      "peer": true,
      "bin": {
        "tsc": "bin/tsc",
        "tsserver": "bin/tsserver"
      },
      "engines": {
        "node": ">=4.2.0"
      }
    },
    "node_modules/yn": {
      "version": "3.1.1",
      "resolved": "https://pkgs.dev.azure.com/EVANAAG/_packaging/EVANAAG/npm/registry/yn/-/yn-3.1.1.tgz",
      "integrity": "sha1-HodAGgnXZ8HV6rJqbkwYUYLS61A=",
      "dev": true,
      "license": "MIT",
      "engines": {
        "node": ">=6"
      }
    }
  },
  "dependencies": {
    "arg": {
      "version": "4.1.3",
      "resolved": "https://pkgs.dev.azure.com/EVANAAG/_packaging/EVANAAG/npm/registry/arg/-/arg-4.1.3.tgz",
      "integrity": "sha1-Jp/HrVuOQstjyJbVZmAXJhwUQIk=",
      "dev": true
    },
    "buffer-from": {
      "version": "1.1.1",
      "resolved": "https://pkgs.dev.azure.com/EVANAAG/_packaging/EVANAAG/npm/registry/buffer-from/-/buffer-from-1.1.1.tgz",
      "integrity": "sha1-MnE7wCj3XAL9txDXx7zsHyxgcO8=",
      "dev": true
    },
    "clone": {
      "version": "2.1.2",
      "resolved": "https://registry.npmjs.org/clone/-/clone-2.1.2.tgz",
      "integrity": "sha1-G39Ln1kfHo+DZwQBYANFoCiHQ18="
    },
    "create-require": {
      "version": "1.1.1",
      "resolved": "https://pkgs.dev.azure.com/EVANAAG/_packaging/EVANAAG/npm/registry/create-require/-/create-require-1.1.1.tgz",
      "integrity": "sha1-wdfo8eX2z8n/ZfnNNS03NIdWwzM=",
      "dev": true
    },
    "curriable": {
      "version": "1.3.0",
      "resolved": "https://registry.npmjs.org/curriable/-/curriable-1.3.0.tgz",
      "integrity": "sha512-7kfjDPRSF+pguU0TlfSFBMCd8XlmF29ZAiXcq/zaN4LhZvWdvV0Y72AvaWFqInXZG9Yg1kA1UMkpE9lFBKMpQA=="
    },
    "diff": {
      "version": "4.0.2",
      "resolved": "https://pkgs.dev.azure.com/EVANAAG/_packaging/EVANAAG/npm/registry/diff/-/diff-4.0.2.tgz",
      "integrity": "sha1-YPOuy4nV+uUgwRqhnvwruYKq3n0=",
      "dev": true
    },
    "eventemitter2": {
      "version": "6.4.4",
      "resolved": "https://registry.npmjs.org/eventemitter2/-/eventemitter2-6.4.4.tgz",
      "integrity": "sha512-HLU3NDY6wARrLCEwyGKRBvuWYyvW6mHYv72SJJAH3iJN3a6eVUvkjFkcxah1bcTgGVBBrFdIopBJPhCQFMLyXw=="
    },
    "hash-it": {
      "version": "4.1.0",
      "resolved": "https://registry.npmjs.org/hash-it/-/hash-it-4.1.0.tgz",
      "integrity": "sha512-YUXBmvWycqr0qVb7RhNyJ2ItiPNaD5iKZ9moDaxduyfT8I9d79F9Zf8Ts2RAG7g6NPwD8351dSqxsD07tznSmQ==",
      "requires": {
        "curriable": "^1.1.0"
      }
    },
    "json-rules-engine": {
      "version": "6.0.1",
      "resolved": "https://registry.npmjs.org/json-rules-engine/-/json-rules-engine-6.0.1.tgz",
      "integrity": "sha512-G74l2HehJ+ItMcFOzeV26w9MGxRux6+ovifXJ93Q1PnEqJV5APRt7kwI24vu7D4qx+iuW/CVmGgTHeH4gMU4nQ==",
      "requires": {
        "clone": "^2.1.2",
        "eventemitter2": "^6.4.3",
        "hash-it": "^4.0.5",
        "jsonpath-plus": "^4.0.0",
        "lodash.isobjectlike": "^4.0.0"
      }
    },
    "jsonpath-plus": {
      "version": "4.0.0",
      "resolved": "https://registry.npmjs.org/jsonpath-plus/-/jsonpath-plus-4.0.0.tgz",
      "integrity": "sha512-e0Jtg4KAzDJKKwzbLaUtinCn0RZseWBVRTRGihSpvFlM3wTR7ExSp+PTdeTsDrLNJUe7L7JYJe8mblHX5SCT6A=="
    },
    "lodash.isobjectlike": {
      "version": "4.0.0",
      "resolved": "https://registry.npmjs.org/lodash.isobjectlike/-/lodash.isobjectlike-4.0.0.tgz",
      "integrity": "sha1-dCxfxlrdJ5JNPSQZFoGqmheytg0="
    },
    "make-error": {
      "version": "1.3.6",
      "resolved": "https://pkgs.dev.azure.com/EVANAAG/_packaging/EVANAAG/npm/registry/make-error/-/make-error-1.3.6.tgz",
      "integrity": "sha1-LrLjfqm2fEiR9oShOUeZr0hM96I=",
      "dev": true
    },
    "source-map": {
      "version": "0.6.1",
      "resolved": "https://pkgs.dev.azure.com/EVANAAG/_packaging/EVANAAG/npm/registry/source-map/-/source-map-0.6.1.tgz",
      "integrity": "sha1-dHIq8y6WFOnCh6jQu95IteLxomM=",
      "dev": true
    },
    "source-map-support": {
      "version": "0.5.19",
      "resolved": "https://pkgs.dev.azure.com/EVANAAG/_packaging/EVANAAG/npm/registry/source-map-support/-/source-map-support-0.5.19.tgz",
      "integrity": "sha1-qYti+G3K9PZzmWSMCFKRq56P7WE=",
      "dev": true,
      "requires": {
        "buffer-from": "^1.0.0",
        "source-map": "^0.6.0"
      }
    },
    "ts-node": {
      "version": "9.1.1",
      "resolved": "https://pkgs.dev.azure.com/EVANAAG/_packaging/EVANAAG/npm/registry/ts-node/-/ts-node-9.1.1.tgz",
      "integrity": "sha1-UamkUKPpWUAb2l8ASnLVS5NtN20=",
      "dev": true,
      "requires": {
        "arg": "^4.1.0",
        "create-require": "^1.1.0",
        "diff": "^4.0.1",
        "make-error": "^1.1.1",
        "source-map-support": "^0.5.17",
        "yn": "3.1.1"
      }
    },
    "typescript": {
      "version": "4.2.4",
      "resolved": "https://pkgs.dev.azure.com/EVANAAG/_packaging/EVANAAG/npm/registry/typescript/-/typescript-4.2.4.tgz",
      "integrity": "sha1-hhC1l0feAo/aiYqK7w4QPxVtCWE=",
      "dev": true,
      "peer": true
    },
    "yn": {
      "version": "3.1.1",
      "resolved": "https://pkgs.dev.azure.com/EVANAAG/_packaging/EVANAAG/npm/registry/yn/-/yn-3.1.1.tgz",
      "integrity": "sha1-HodAGgnXZ8HV6rJqbkwYUYLS61A=",
      "dev": true
    }
  }
}
